// !$*UTF8*$!
{
	archiveVersion = 1;
	classes = {
	};
	objectVersion = 46;
	objects = {

/* Begin PBXBuildFile section */
		D89432F21E2F19CC00D9E553 /* main.m in Sources */ = {isa = PBXBuildFile; fileRef = D89432F11E2F19CC00D9E553 /* main.m */; };
		D89432F51E2F19CC00D9E553 /* AppDelegate.m in Sources */ = {isa = PBXBuildFile; fileRef = D89432F41E2F19CC00D9E553 /* AppDelegate.m */; };
		D89432F81E2F19CC00D9E553 /* ViewController.m in Sources */ = {isa = PBXBuildFile; fileRef = D89432F71E2F19CC00D9E553 /* ViewController.m */; };
		D89432FB1E2F19CC00D9E553 /* Main.storyboard in Resources */ = {isa = PBXBuildFile; fileRef = D89432F91E2F19CC00D9E553 /* Main.storyboard */; };
		D89432FD1E2F19CC00D9E553 /* Assets.xcassets in Resources */ = {isa = PBXBuildFile; fileRef = D89432FC1E2F19CC00D9E553 /* Assets.xcassets */; };
		D89433001E2F19CC00D9E553 /* LaunchScreen.storyboard in Resources */ = {isa = PBXBuildFile; fileRef = D89432FE1E2F19CC00D9E553 /* LaunchScreen.storyboard */; };
		D89433101E2F3EB700D9E553 /* image.png in Resources */ = {isa = PBXBuildFile; fileRef = D894330F1E2F3EB700D9E553 /* image.png */; };
/* End PBXBuildFile section */

/* Begin PBXFileReference section */
		D89432ED1E2F19CC00D9E553 /* YQRunLoop.app */ = {isa = PBXFileReference; explicitFileType = wrapper.application; includeInIndex = 0; path = YQRunLoop.app; sourceTree = BUILT_PRODUCTS_DIR; };
		D89432F11E2F19CC00D9E553 /* main.m */ = {isa = PBXFileReference; lastKnownFileType = sourcecode.c.objc; path = main.m; sourceTree = "<group>"; };
		D89432F31E2F19CC00D9E553 /* AppDelegate.h */ = {isa = PBXFileReference; lastKnownFileType = sourcecode.c.h; path = AppDelegate.h; sourceTree = "<group>"; };
		D89432F41E2F19CC00D9E553 /* AppDelegate.m */ = {isa = PBXFileReference; lastKnownFileType = sourcecode.c.objc; path = AppDelegate.m; sourceTree = "<group>"; };
		D89432F61E2F19CC00D9E553 /* ViewController.h */ = {isa = PBXFileReference; lastKnownFileType = sourcecode.c.h; path = ViewController.h; sourceTree = "<group>"; };
		D89432F71E2F19CC00D9E553 /* ViewController.m */ = {isa = PBXFileReference; lastKnownFileType = sourcecode.c.objc; path = ViewController.m; sourceTree = "<group>"; };
		D89432FA1E2F19CC00D9E553 /* Base */ = {isa = PBXFileReference; lastKnownFileType = file.storyboard; name = Base; path = Base.lproj/Main.storyboard; sourceTree = "<group>"; };
		D89432FC1E2F19CC00D9E553 /* Assets.xcassets */ = {isa = PBXFileReference; lastKnownFileType = folder.assetcatalog; path = Assets.xcassets; sourceTree = "<group>"; };
		D89432FF1E2F19CC00D9E553 /* Base */ = {isa = PBXFileReference; lastKnownFileType = file.storyboard; name = Base; path = Base.lproj/LaunchScreen.storyboard; sourceTree = "<group>"; };
		D89433011E2F19CC00D9E553 /* Info.plist */ = {isa = PBXFileReference; lastKnownFileType = text.plist.xml; path = Info.plist; sourceTree = "<group>"; };
		D894330F1E2F3EB700D9E553 /* image.png */ = {isa = PBXFileReference; lastKnownFileType = image.png; path = image.png; sourceTree = "<group>"; };
/* End PBXFileReference section */

/* Begin PBXFrameworksBuildPhase section */
		D89432EA1E2F19CC00D9E553 /* Frameworks */ = {
			isa = PBXFrameworksBuildPhase;
			buildActionMask = 2147483647;
			files = (
			);
			runOnlyForDeploymentPostprocessing = 0;
		};
/* End PBXFrameworksBuildPhase section */

/* Begin PBXGroup section */
		D89432E41E2F19CC00D9E553 = {
			isa = PBXGroup;
			children = (
				D89432EF1E2F19CC00D9E553 /* YQRunLoop */,
				D89432EE1E2F19CC00D9E553 /* Products */,
			);
			sourceTree = "<group>";
		};
		D89432EE1E2F19CC00D9E553 /* Products */ = {
			isa = PBXGroup;
			children = (
				D89432ED1E2F19CC00D9E553 /* YQRunLoop.app */,
			);
			name = Products;
			sourceTree = "<group>";
		};
		D89432EF1E2F19CC00D9E553 /* YQRunLoop */ = {
			isa = PBXGroup;
			children = (
				D89432F31E2F19CC00D9E553 /* AppDelegate.h */,
				D89432F41E2F19CC00D9E553 /* AppDelegate.m */,
				D89432F61E2F19CC00D9E553 /* ViewController.h */,
				D89432F71E2F19CC00D9E553 /* ViewController.m */,
				D89432F91E2F19CC00D9E553 /* Main.storyboard */,
				D89432FC1E2F19CC00D9E553 /* Assets.xcassets */,
				D89432FE1E2F19CC00D9E553 /* LaunchScreen.storyboard */,
				D89433011E2F19CC00D9E553 /* Info.plist */,
				D894330F1E2F3EB700D9E553 /* image.png */,
				D89432F01E2F19CC00D9E553 /* Supporting Files */,
			);
			path = YQRunLoop;
			sourceTree = "<group>";
		};
		D89432F01E2F19CC00D9E553 /* Supporting Files */ = {
			isa = PBXGroup;
			children = (
				D89432F11E2F19CC00D9E553 /* main.m */,
			);
			name = "Supporting Files";
			sourceTree = "<group>";
		};
/* End PBXGroup section */

/* Begin PBXNativeTarget section */
		D89432EC1E2F19CC00D9E553 /* YQRunLoop */ = {
			isa = PBXNativeTarget;
			buildConfigurationList = D89433041E2F19CC00D9E553 /* Build configuration list for PBXNativeTarget "YQRunLoop" */;
			buildPhases = (
				D89432E91E2F19CC00D9E553 /* Sources */,
				D89432EA1E2F19CC00D9E553 /* Frameworks */,
				D89432EB1E2F19CC00D9E553 /* Resources */,
			);
			buildRules = (
			);
			dependencies = (
			);
			name = YQRunLoop;
			productName = YQRunLoop;
			productReference = D89432ED1E2F19CC00D9E553 /* YQRunLoop.app */;
			productType = "com.apple.product-type.application";
		};
/* End PBXNativeTarget section */

/* Begin PBXProject section */
		D89432E51E2F19CC00D9E553 /* Project object */ = {
			isa = PBXProject;
			attributes = {
				LastUpgradeCheck = 0820;
				ORGANIZATIONNAME = yiquan;
				TargetAttributes = {
					D89432EC1E2F19CC00D9E553 = {
						CreatedOnToolsVersion = 8.2.1;
						ProvisioningStyle = Automatic;
					};
				};
			};
			buildConfigurationList = D89432E81E2F19CC00D9E553 /* Build configuration list for PBXProject "YQRunLoop" */;
			compatibilityVersion = "Xcode 3.2";
			developmentRegion = English;
			hasScannedForEncodings = 0;
			knownRegions = (
				en,
				Base,
			);
			mainGroup = D89432E41E2F19CC00D9E553;
			productRefGroup = D89432EE1E2F19CC00D9E553 /* Products */;
			projectDirPath = "";
			projectRoot = "";
			targets = (
				D89432EC1E2F19CC00D9E553 /* YQRunLoop */,
			);
		};
/* End PBXProject section */

/* Begin PBXResourcesBuildPhase section */
		D89432EB1E2F19CC00D9E553 /* Resources */ = {
			isa = PBXResourcesBuildPhase;
			buildActionMask = 2147483647;
			files = (
				D89433001E2F19CC00D9E553 /* LaunchScreen.storyboard in Resources */,
				D89432FD1E2F19CC00D9E553 /* Assets.xcassets in Resources */,
				D89432FB1E2F19CC00D9E553 /* Main.storyboard in Resources */,
				D89433101E2F3EB700D9E553 /* image.png in Resources */,
			);
			runOnlyForDeploymentPostprocessing = 0;
		};
/* End PBXResourcesBuildPhase section */

/* Begin PBXSourcesBuildPhase section */
		D89432E91E2F19CC00D9E553 /* Sources */ = {
			isa = PBXSourcesBuildPhase;
			buildActionMask = 2147483647;
			files = (
				D89432F81E2F19CC00D9E553 /* ViewController.m in Sources */,
				D89432F51E2F19CC00D9E553 /* AppDelegate.m in Sources */,
				D89432F21E2F19CC00D9E553 /* main.m in Sources */,
			);
			runOnlyForDeploymentPostprocessing = 0;
		};
/* End PBXSourcesBuildPhase section */

/* Begin PBXVariantGroup section */
		D89432F91E2F19CC00D9E553 /* Main.storyboard */ = {
			isa = PBXVariantGroup;
			children = (
				D89432FA1E2F19CC00D9E553 /* Base */,
			);
			name = Main.storyboard;
			sourceTree = "<group>";
		};
		D89432FE1E2F19CC00D9E553 /* LaunchScreen.storyboard */ = {
			isa = PBXVariantGroup;
			children = (
				D89432FF1E2F19CC00D9E553 /* Base */,
			);
			name = LaunchScreen.storyboard;
			sourceTree = "<group>";
		};
/* End PBXVariantGroup section */

/* Begin XCBuildConfiguration section */
		D89433021E2F19CC00D9E553 /* Debug */ = {
			isa = XCBuildConfiguration;
			buildSettings = {
				ALWAYS_SEARCH_USER_PATHS = NO;
				CLANG_ANALYZER_NONNULL = YES;
				CLANG_CXX_LANGUAGE_STANDARD = "gnu++0x";
				CLANG_CXX_LIBRARY = "libc++";
				CLANG_ENABLE_MODULES = YES;
				CLANG_ENABLE_OBJC_ARC = YES;
				CLANG_WARN_BOOL_CONVERSION = YES;
				CLANG_WARN_CONSTANT_CONVERSION = YES;
				CLANG_WARN_DIRECT_OBJC_ISA_USAGE = YES_ERROR;
				CLANG_WARN_DOCUMENTATION_COMMENTS = YES;
				CLANG_WARN_EMPTY_BODY = YES;
				CLANG_WARN_ENUM_CONVERSION = YES;
				CLANG_WARN_INFINITE_RECURSION = YES;
				CLANG_WARN_INT_CONVERSION = YES;
				CLANG_WARN_OBJC_ROOT_CLASS = YES_ERROR;
				CLANG_WARN_SUSPICIOUS_MOVE = YES;
				CLANG_WARN_UNREACHABLE_CODE = YES;
				CLANG_WARN__DUPLICATE_METHOD_MATCH = YES;
				"CODE_SIGN_IDENTITY[sdk=iphoneos*]" = "iPhone Developer";
				COPY_PHASE_STRIP = NO;
				DEBUG_INFORMATION_FORMAT = dwarf;
				ENABLE_STRICT_OBJC_MSGSEND = YES;
				ENABLE_TESTABILITY = YES;
				GCC_C_LANGUAGE_STANDARD = gnu99;
				GCC_DYNAMIC_NO_PIC = NO;
				GCC_NO_COMMON_BLOCKS = YES;
				GCC_OPTIMIZATION_LEVEL = 0;
				GCC_PREPROCESSOR_DEFINITIONS = (
					"DEBUG=1",
					"$(inherited)",
				);
				GCC_WARN_64_TO_32_BIT_CONVERSION = YES;
				GCC_WARN_ABOUT_RETURN_TYPE = YES_ERROR;
				GCC_WARN_UNDECLARED_SELECTOR = YES;
				GCC_WARN_UNINITIALIZED_AUTOS = YES_AGGRESSIVE;
				GCC_WARN_UNUSED_FUNCTION = YES;
				GCC_WARN_UNUSED_VARIABLE = YES;
				IPHONEOS_DEPLOYMENT_TARGET = 10.2;
				MTL_ENABLE_DEBUG_INFO = YES;
				ONLY_ACTIVE_ARCH = YES;
				SDKROOT = iphoneos;
				TARGETED_DEVICE_FAMILY = "1,2";
			};
			name = Debug;
		};
		D89433031E2F19CC00D9E553 /* Release */ = {
			isa = XCBuildConfiguration;
			buildSettings = {
				ALWAYS_SEARCH_USER_PATHS = NO;
				CLANG_ANALYZER_NONNULL = YES;
				CLANG_CXX_LANGUAGE_STANDARD = "gnu++0x";
				CLANG_CXX_LIBRARY = "libc++";
				CLANG_ENABLE_MODULES = YES;
				CLANG_ENABLE_OBJC_ARC = YES;
				CLANG_WARN_BOOL_CONVERSION = YES;
				CLANG_WARN_CONSTANT_CONVERSION = YES;
				CLANG_WARN_DIRECT_OBJC_ISA_USAGE = YES_ERROR;
				CLANG_WARN_DOCUMENTATION_COMMENTS = YES;
				CLANG_WARN_EMPTY_BODY = YES;
				CLANG_WARN_ENUM_CONVERSION = YES;
				CLANG_WARN_INFINITE_RECURSION = YES;
				CLANG_WARN_INT_CONVERSION = YES;
				CLANG_WARN_OBJC_ROOT_CLASS = YES_ERROR;
				CLANG_WARN_SUSPICIOUS_MOVE = YES;
				CLANG_WARN_UNREACHABLE_CODE = YES;
				CLANG_WARN__DUPLICATE_METHOD_MATCH = YES;
				"CODE_SIGN_IDENTITY[sdk=iphoneos*]" = "iPhone Developer";
				COPY_PHASE_STRIP = NO;
				DEBUG_INFORMATION_FORMAT = "dwarf-with-dsym";
				ENABLE_NS_ASSERTIONS = NO;
				ENABLE_STRICT_OBJC_MSGSEND = YES;
				GCC_C_LANGUAGE_STANDARD = gnu99;
				GCC_NO_COMMON_BLOCKS = YES;
				GCC_WARN_64_TO_32_BIT_CONVERSION = YES;
				GCC_WARN_ABOUT_RETURN_TYPE = YES_ERROR;
				GCC_WARN_UNDECLARED_SELECTOR = YES;
				GCC_WARN_UNINITIALIZED_AUTOS = YES_AGGRESSIVE;
				GCC_WARN_UNUSED_FUNCTION = YES;
				GCC_WARN_UNUSED_VARIABLE = YES;
				IPHONEOS_DEPLOYMENT_TARGET = 10.2;
				MTL_ENABLE_DEBUG_INFO = NO;
				SDKROOT = iphoneos;
				TARGETED_DEVICE_FAMILY = "1,2";
				VALIDATE_PRODUCT = YES;
			};
			name = Release;
		};
		D89433051E2F19CC00D9E553 /* Debug */ = {
			isa = XCBuildConfiguration;
			buildSettings = {
				ASSETCATALOG_COMPILER_APPICON_NAME = AppIcon;
				INFOPLIST_FILE = YQRunLoop/Info.plist;
				LD_RUNPATH_SEARCH_PATHS = "$(inherited) @executable_path/Frameworks";
				PRODUCT_BUNDLE_IDENTIFIER = yiquan.com.YQRunLoop;
				PRODUCT_NAME = "$(TARGET_NAME)";
			};
			name = Debug;
		};
		D89433061E2F19CC00D9E553 /* Release */ = {
			isa = XCBuildConfiguration;
			buildSettings = {
				ASSETCATALOG_COMPILER_APPICON_NAME = AppIcon;
				INFOPLIST_FILE = YQRunLoop/Info.plist;
				LD_RUNPATH_SEARCH_PATHS = "$(inherited) @executable_path/Frameworks";
				PRODUCT_BUNDLE_IDENTIFIER = yiquan.com.YQRunLoop;
				PRODUCT_NAME = "$(TARGET_NAME)";
			};
			name = Release;
		};
/* End XCBuildConfiguration section */

/* Begin XCConfigurationList section */
		D89432E81E2F19CC00D9E553 /* Build configuration list for PBXProject "YQRunLoop" */ = {
			isa = XCConfigurationList;
			buildConfigurations = (
				D89433021E2F19CC00D9E553 /* Debug */,
				D89433031E2F19CC00D9E553 /* Release */,
			);
			defaultConfigurationIsVisible = 0;
			defaultConfigurationName = Release;
		};
		D89433041E2F19CC00D9E553 /* Build configuration list for PBXNativeTarget "YQRunLoop" */ = {
			isa = XCConfigurationList;
			buildConfigurations = (
				D89433051E2F19CC00D9E553 /* Debug */,
				D89433061E2F19CC00D9E553 /* Release */,
			);
			defaultConfigurationIsVisible = 0;
		};
/* End XCConfigurationList section */
	};
	rootObject = D89432E51E2F19CC00D9E553 /* Project object */;
}
